
Microsoft Visual Studio Solution File, Format Version 12.00
# Visual Studio Version 16
VisualStudioVersion = 16.0.31005.135
MinimumVisualStudioVersion = 10.0.40219.1
Project("{FAE04EC0-301F-11D3-BF4B-00C04F79EFBC}") = "WPF_Database_Practice", "WPF_Database_Practice\WPF_Database_Practice.csproj", "{19DE3310-63F9-4683-A5F3-17F7A154961C}"
EndProject
Global
	GlobalSection(SolutionConfigurationPlatforms) = preSolution
		Debug|Any CPU = Debug|Any CPU
		Release|Any CPU = Release|Any CPU
	EndGlobalSection
	GlobalSection(ProjectConfigurationPlatforms) = postSolution
		{19DE3310-63F9-4683-A5F3-17F7A154961C}.Debug|Any CPU.ActiveCfg = Debug|Any CPU
		{19DE3310-63F9-4683-A5F3-17F7A154961C}.Debug|Any CPU.Build.0 = Debug|Any CPU
		{19DE3310-63F9-4683-A5F3-17F7A154961C}.Release|Any CPU.ActiveCfg = Release|Any CPU
		{19DE3310-63F9-4683-A5F3-17F7A154961C}.Release|Any CPU.Build.0 = Release|Any CPU
	EndGlobalSection
	GlobalSection(SolutionProperties) = preSolution
		HideSolutionNode = FALSE
	EndGlobalSection
	GlobalSection(ExtensibilityGlobals) = postSolution
		SolutionGuid = {D830C617-D6D9-4025-89DF-5524A9CFF099}
	EndGlobalSection
EndGlobal
